
Microsoft Visual Studio Solution File, Format Version 12.00
# Visual Studio Version 16
VisualStudioVersion = 16.0.29709.97
MinimumVisualStudioVersion = 10.0.40219.1
Project("{FAE04EC0-301F-11D3-BF4B-00C04F79EFBC}") = "Karpenko3", "Karpenko3.csproj", "{302F0359-8C49-4D6B-8E13-21BC6D42FEF7}"
EndProject
Global
	GlobalSection(SolutionConfigurationPlatforms) = preSolution
		Debug|Any CPU = Debug|Any CPU
		Release|Any CPU = Release|Any CPU
	EndGlobalSection
	GlobalSection(ProjectConfigurationPlatforms) = postSolution
		{302F0359-8C49-4D6B-8E13-21BC6D42FEF7}.Debug|Any CPU.ActiveCfg = Debug|Any CPU
		{302F0359-8C49-4D6B-8E13-21BC6D42FEF7}.Debug|Any CPU.Build.0 = Debug|Any CPU
		{302F0359-8C49-4D6B-8E13-21BC6D42FEF7}.Release|Any CPU.ActiveCfg = Release|Any CPU
		{302F0359-8C49-4D6B-8E13-21BC6D42FEF7}.Release|Any CPU.Build.0 = Release|Any CPU
	EndGlobalSection
	GlobalSection(SolutionProperties) = preSolution
		HideSolutionNode = FALSE
	EndGlobalSection
	GlobalSection(ExtensibilityGlobals) = postSolution
		SolutionGuid = {963CA1F3-2C5E-4CBA-9561-C5ABB96EA02E}
	EndGlobalSection
EndGlobal
